
Microsoft Visual Studio Solution File, Format Version 12.00
# Visual Studio 15
VisualStudioVersion = 15.0.28307.329
MinimumVisualStudioVersion = 10.0.40219.1
Project("{F184B08F-C81C-45F6-A57F-5ABD9991F28F}") = "Factorial Calc", "Factorial Calc\Factorial Calc.vbproj", "{6E5C793F-5DD7-4B06-8079-3DF5640C1509}"
EndProject
Global
	GlobalSection(SolutionConfigurationPlatforms) = preSolution
		Debug|Any CPU = Debug|Any CPU
		Release|Any CPU = Release|Any CPU
	EndGlobalSection
	GlobalSection(ProjectConfigurationPlatforms) = postSolution
		{6E5C793F-5DD7-4B06-8079-3DF5640C1509}.Debug|Any CPU.ActiveCfg = Debug|Any CPU
		{6E5C793F-5DD7-4B06-8079-3DF5640C1509}.Debug|Any CPU.Build.0 = Debug|Any CPU
		{6E5C793F-5DD7-4B06-8079-3DF5640C1509}.Release|Any CPU.ActiveCfg = Release|Any CPU
		{6E5C793F-5DD7-4B06-8079-3DF5640C1509}.Release|Any CPU.Build.0 = Release|Any CPU
	EndGlobalSection
	GlobalSection(SolutionProperties) = preSolution
		HideSolutionNode = FALSE
	EndGlobalSection
	GlobalSection(ExtensibilityGlobals) = postSolution
		SolutionGuid = {09BD89ED-98FC-44C8-B486-21A09E69BA92}
	EndGlobalSection
EndGlobal
